
Microsoft Visual Studio Solution File, Format Version 12.00
# Visual Studio Version 16
VisualStudioVersion = 16.0.29418.71
MinimumVisualStudioVersion = 10.0.40219.1
Project("{FAE04EC0-301F-11D3-BF4B-00C04F79EFBC}") = "CSSDTester", "CSSDTester\CSSDTester.csproj", "{0311A262-0B2A-4333-A310-6B007AE280CC}"
EndProject
Global
	GlobalSection(SolutionConfigurationPlatforms) = preSolution
		Debug|Any CPU = Debug|Any CPU
		Release|Any CPU = Release|Any CPU
	EndGlobalSection
	GlobalSection(ProjectConfigurationPlatforms) = postSolution
		{0311A262-0B2A-4333-A310-6B007AE280CC}.Debug|Any CPU.ActiveCfg = Debug|Any CPU
		{0311A262-0B2A-4333-A310-6B007AE280CC}.Debug|Any CPU.Build.0 = Debug|Any CPU
		{0311A262-0B2A-4333-A310-6B007AE280CC}.Release|Any CPU.ActiveCfg = Release|Any CPU
		{0311A262-0B2A-4333-A310-6B007AE280CC}.Release|Any CPU.Build.0 = Release|Any CPU
	EndGlobalSection
	GlobalSection(SolutionProperties) = preSolution
		HideSolutionNode = FALSE
	EndGlobalSection
	GlobalSection(ExtensibilityGlobals) = postSolution
		SolutionGuid = {4C564287-DAC4-4DA2-8F53-A75A0AAF9790}
	EndGlobalSection
EndGlobal
